
Microsoft Visual Studio Solution File, Format Version 12.00
# Visual Studio 15
VisualStudioVersion = 15.0.28307.1082
MinimumVisualStudioVersion = 10.0.40219.1
Project("{FAE04EC0-301F-11D3-BF4B-00C04F79EFBC}") = "MagicSpell", "MagicSpell\MagicSpell.csproj", "{D64E11E9-5D32-4C14-A6D0-0C3E0FBBC032}"
EndProject
Global
	GlobalSection(SolutionConfigurationPlatforms) = preSolution
		Debug|Any CPU = Debug|Any CPU
		Release|Any CPU = Release|Any CPU
	EndGlobalSection
	GlobalSection(ProjectConfigurationPlatforms) = postSolution
		{D64E11E9-5D32-4C14-A6D0-0C3E0FBBC032}.Debug|Any CPU.ActiveCfg = Debug|Any CPU
		{D64E11E9-5D32-4C14-A6D0-0C3E0FBBC032}.Debug|Any CPU.Build.0 = Debug|Any CPU
		{D64E11E9-5D32-4C14-A6D0-0C3E0FBBC032}.Release|Any CPU.ActiveCfg = Release|Any CPU
		{D64E11E9-5D32-4C14-A6D0-0C3E0FBBC032}.Release|Any CPU.Build.0 = Release|Any CPU
	EndGlobalSection
	GlobalSection(SolutionProperties) = preSolution
		HideSolutionNode = FALSE
	EndGlobalSection
	GlobalSection(ExtensibilityGlobals) = postSolution
		SolutionGuid = {8347A97B-4C90-406C-BE4D-9647FD106D8B}
	EndGlobalSection
EndGlobal
