
Microsoft Visual Studio Solution File, Format Version 12.00
# Visual Studio 15
VisualStudioVersion = 15.0.28307.1082
MinimumVisualStudioVersion = 10.0.40219.1
Project("{FAE04EC0-301F-11D3-BF4B-00C04F79EFBC}") = "Magic Square", "Magic Square\Magic Square.csproj", "{CC4C61CE-D372-4E61-A006-7A65CDD05C7F}"
EndProject
Global
	GlobalSection(SolutionConfigurationPlatforms) = preSolution
		Debug|Any CPU = Debug|Any CPU
		Release|Any CPU = Release|Any CPU
	EndGlobalSection
	GlobalSection(ProjectConfigurationPlatforms) = postSolution
		{CC4C61CE-D372-4E61-A006-7A65CDD05C7F}.Debug|Any CPU.ActiveCfg = Debug|Any CPU
		{CC4C61CE-D372-4E61-A006-7A65CDD05C7F}.Debug|Any CPU.Build.0 = Debug|Any CPU
		{CC4C61CE-D372-4E61-A006-7A65CDD05C7F}.Release|Any CPU.ActiveCfg = Release|Any CPU
		{CC4C61CE-D372-4E61-A006-7A65CDD05C7F}.Release|Any CPU.Build.0 = Release|Any CPU
	EndGlobalSection
	GlobalSection(SolutionProperties) = preSolution
		HideSolutionNode = FALSE
	EndGlobalSection
	GlobalSection(ExtensibilityGlobals) = postSolution
		SolutionGuid = {00168EA9-1787-4025-A1CC-5FA0C2F81F5F}
	EndGlobalSection
EndGlobal
