
Microsoft Visual Studio Solution File, Format Version 12.00
# Visual Studio 15
VisualStudioVersion = 15.0.28307.1082
MinimumVisualStudioVersion = 10.0.40219.1
Project("{FAE04EC0-301F-11D3-BF4B-00C04F79EFBC}") = "Rumour", "Rumour\Rumour.csproj", "{8C3D00F4-D958-4DD1-B614-ED6B45D9822A}"
EndProject
Global
	GlobalSection(SolutionConfigurationPlatforms) = preSolution
		Debug|Any CPU = Debug|Any CPU
		Release|Any CPU = Release|Any CPU
	EndGlobalSection
	GlobalSection(ProjectConfigurationPlatforms) = postSolution
		{8C3D00F4-D958-4DD1-B614-ED6B45D9822A}.Debug|Any CPU.ActiveCfg = Debug|Any CPU
		{8C3D00F4-D958-4DD1-B614-ED6B45D9822A}.Debug|Any CPU.Build.0 = Debug|Any CPU
		{8C3D00F4-D958-4DD1-B614-ED6B45D9822A}.Release|Any CPU.ActiveCfg = Release|Any CPU
		{8C3D00F4-D958-4DD1-B614-ED6B45D9822A}.Release|Any CPU.Build.0 = Release|Any CPU
	EndGlobalSection
	GlobalSection(SolutionProperties) = preSolution
		HideSolutionNode = FALSE
	EndGlobalSection
	GlobalSection(ExtensibilityGlobals) = postSolution
		SolutionGuid = {EB042C4E-B4E6-4D37-9854-6C8E279EA7E2}
	EndGlobalSection
EndGlobal
